
Microsoft Visual Studio Solution File, Format Version 12.00
# Visual Studio 2010
Project("{F2A71F9B-5D33-465A-A702-920D77279786}") = "Foq", "Foq\Foq.fsproj", "{B01AD807-6BCB-46C7-B2E8-C5BF9E0F1786}"
EndProject
Project("{F2A71F9B-5D33-465A-A702-920D77279786}") = "Tests", "Tests\Tests.fsproj", "{DD713C6A-BA21-4DF9-A847-A2BC8E90FDC6}"
EndProject
Project("{FAE04EC0-301F-11D3-BF4B-00C04F79EFBC}") = "Tests.CSharp", "Foq.CSharp\Tests.CSharp.csproj", "{D1EA9F19-1C4A-4612-AA9C-935B3DDD7BF0}"
EndProject
Global
	GlobalSection(SolutionConfigurationPlatforms) = preSolution
		Debug|Any CPU = Debug|Any CPU
		Debug|Mixed Platforms = Debug|Mixed Platforms
		Debug|x86 = Debug|x86
		Release|Any CPU = Release|Any CPU
		Release|Mixed Platforms = Release|Mixed Platforms
		Release|x86 = Release|x86
	EndGlobalSection
	GlobalSection(ProjectConfigurationPlatforms) = postSolution
		{B01AD807-6BCB-46C7-B2E8-C5BF9E0F1786}.Debug|Any CPU.ActiveCfg = Debug|Any CPU
		{B01AD807-6BCB-46C7-B2E8-C5BF9E0F1786}.Debug|Any CPU.Build.0 = Debug|Any CPU
		{B01AD807-6BCB-46C7-B2E8-C5BF9E0F1786}.Debug|Mixed Platforms.ActiveCfg = Debug|Any CPU
		{B01AD807-6BCB-46C7-B2E8-C5BF9E0F1786}.Debug|Mixed Platforms.Build.0 = Debug|Any CPU
		{B01AD807-6BCB-46C7-B2E8-C5BF9E0F1786}.Debug|x86.ActiveCfg = Debug|Any CPU
		{B01AD807-6BCB-46C7-B2E8-C5BF9E0F1786}.Release|Any CPU.ActiveCfg = Release|Any CPU
		{B01AD807-6BCB-46C7-B2E8-C5BF9E0F1786}.Release|Any CPU.Build.0 = Release|Any CPU
		{B01AD807-6BCB-46C7-B2E8-C5BF9E0F1786}.Release|Mixed Platforms.ActiveCfg = Release|Any CPU
		{B01AD807-6BCB-46C7-B2E8-C5BF9E0F1786}.Release|Mixed Platforms.Build.0 = Release|Any CPU
		{B01AD807-6BCB-46C7-B2E8-C5BF9E0F1786}.Release|x86.ActiveCfg = Release|Any CPU
		{DD713C6A-BA21-4DF9-A847-A2BC8E90FDC6}.Debug|Any CPU.ActiveCfg = Debug|Any CPU
		{DD713C6A-BA21-4DF9-A847-A2BC8E90FDC6}.Debug|Any CPU.Build.0 = Debug|Any CPU
		{DD713C6A-BA21-4DF9-A847-A2BC8E90FDC6}.Debug|Mixed Platforms.ActiveCfg = Debug|Any CPU
		{DD713C6A-BA21-4DF9-A847-A2BC8E90FDC6}.Debug|Mixed Platforms.Build.0 = Debug|Any CPU
		{DD713C6A-BA21-4DF9-A847-A2BC8E90FDC6}.Debug|x86.ActiveCfg = Debug|Any CPU
		{DD713C6A-BA21-4DF9-A847-A2BC8E90FDC6}.Release|Any CPU.ActiveCfg = Release|Any CPU
		{DD713C6A-BA21-4DF9-A847-A2BC8E90FDC6}.Release|Any CPU.Build.0 = Release|Any CPU
		{DD713C6A-BA21-4DF9-A847-A2BC8E90FDC6}.Release|Mixed Platforms.ActiveCfg = Release|Any CPU
		{DD713C6A-BA21-4DF9-A847-A2BC8E90FDC6}.Release|Mixed Platforms.Build.0 = Release|Any CPU
		{DD713C6A-BA21-4DF9-A847-A2BC8E90FDC6}.Release|x86.ActiveCfg = Release|Any CPU
		{D1EA9F19-1C4A-4612-AA9C-935B3DDD7BF0}.Debug|Any CPU.ActiveCfg = Debug|Any CPU
		{D1EA9F19-1C4A-4612-AA9C-935B3DDD7BF0}.Debug|Any CPU.Build.0 = Debug|Any CPU
		{D1EA9F19-1C4A-4612-AA9C-935B3DDD7BF0}.Debug|Mixed Platforms.ActiveCfg = Debug|Any CPU
		{D1EA9F19-1C4A-4612-AA9C-935B3DDD7BF0}.Debug|Mixed Platforms.Build.0 = Debug|Any CPU
		{D1EA9F19-1C4A-4612-AA9C-935B3DDD7BF0}.Debug|x86.ActiveCfg = Debug|Any CPU
		{D1EA9F19-1C4A-4612-AA9C-935B3DDD7BF0}.Release|Any CPU.ActiveCfg = Release|Any CPU
		{D1EA9F19-1C4A-4612-AA9C-935B3DDD7BF0}.Release|Any CPU.Build.0 = Release|Any CPU
		{D1EA9F19-1C4A-4612-AA9C-935B3DDD7BF0}.Release|Mixed Platforms.ActiveCfg = Release|Any CPU
		{D1EA9F19-1C4A-4612-AA9C-935B3DDD7BF0}.Release|Mixed Platforms.Build.0 = Release|Any CPU
		{D1EA9F19-1C4A-4612-AA9C-935B3DDD7BF0}.Release|x86.ActiveCfg = Release|Any CPU
	EndGlobalSection
	GlobalSection(SolutionProperties) = preSolution
		HideSolutionNode = FALSE
	EndGlobalSection
EndGlobal
