
Microsoft Visual Studio Solution File, Format Version 12.00
# Visual Studio 2012
Project("{F2A71F9B-5D33-465A-A702-920D77279786}") = "Foq", "Foq\Foq.fsproj", "{B01AD807-6BCB-46C7-B2E8-C5BF9E0F1786}"
EndProject
Project("{F2A71F9B-5D33-465A-A702-920D77279786}") = "Examples", "Examples\Examples.fsproj", "{E63D6546-1FFA-4138-BD50-6802A24959D7}"
EndProject
Project("{2150E333-8FDC-42A3-9474-1A3956D46DE8}") = "Tests", "Tests", "{9E999D87-767A-49DC-A4B3-8DAB59D3AA30}"
EndProject
Project("{FAE04EC0-301F-11D3-BF4B-00C04F79EFBC}") = "Tests.CSharp", "Tests\Tests.CSharp\Tests.CSharp.csproj", "{D1EA9F19-1C4A-4612-AA9C-935B3DDD7BF0}"
EndProject
Project("{F2A71F9B-5D33-465A-A702-920D77279786}") = "Tests.FSharp", "Tests\Tests.FSharp\Tests.FSharp.fsproj", "{DD713C6A-BA21-4DF9-A847-A2BC8E90FDC6}"
EndProject
Project("{F2A71F9B-5D33-465A-A702-920D77279786}") = "Tests.Linq", "Tests\Tests.Linq\Tests.Linq.fsproj", "{98EC705E-F1D0-4977-9CCC-DC8ECD70B0F5}"
EndProject
Project("{F184B08F-C81C-45F6-A57F-5ABD9991F28F}") = "Tests.VisualBasic", "Tests\Tests.VisualBasic\Tests.VisualBasic.vbproj", "{7E3A87BA-B72C-4AB6-A946-21E8E6FB9438}"
EndProject
Global
	GlobalSection(SolutionConfigurationPlatforms) = preSolution
		Debug|Any CPU = Debug|Any CPU
		Debug|Mixed Platforms = Debug|Mixed Platforms
		Debug|x86 = Debug|x86
		Release|Any CPU = Release|Any CPU
		Release|Mixed Platforms = Release|Mixed Platforms
		Release|x86 = Release|x86
	EndGlobalSection
	GlobalSection(ProjectConfigurationPlatforms) = postSolution
		{B01AD807-6BCB-46C7-B2E8-C5BF9E0F1786}.Debug|Any CPU.ActiveCfg = Debug|Any CPU
		{B01AD807-6BCB-46C7-B2E8-C5BF9E0F1786}.Debug|Any CPU.Build.0 = Debug|Any CPU
		{B01AD807-6BCB-46C7-B2E8-C5BF9E0F1786}.Debug|Mixed Platforms.ActiveCfg = Debug|Any CPU
		{B01AD807-6BCB-46C7-B2E8-C5BF9E0F1786}.Debug|Mixed Platforms.Build.0 = Debug|Any CPU
		{B01AD807-6BCB-46C7-B2E8-C5BF9E0F1786}.Debug|x86.ActiveCfg = Debug|Any CPU
		{B01AD807-6BCB-46C7-B2E8-C5BF9E0F1786}.Release|Any CPU.ActiveCfg = Release|Any CPU
		{B01AD807-6BCB-46C7-B2E8-C5BF9E0F1786}.Release|Any CPU.Build.0 = Release|Any CPU
		{B01AD807-6BCB-46C7-B2E8-C5BF9E0F1786}.Release|Mixed Platforms.ActiveCfg = Release|Any CPU
		{B01AD807-6BCB-46C7-B2E8-C5BF9E0F1786}.Release|Mixed Platforms.Build.0 = Release|Any CPU
		{B01AD807-6BCB-46C7-B2E8-C5BF9E0F1786}.Release|x86.ActiveCfg = Release|Any CPU
		{E63D6546-1FFA-4138-BD50-6802A24959D7}.Debug|Any CPU.ActiveCfg = Debug|Any CPU
		{E63D6546-1FFA-4138-BD50-6802A24959D7}.Debug|Any CPU.Build.0 = Debug|Any CPU
		{E63D6546-1FFA-4138-BD50-6802A24959D7}.Debug|Mixed Platforms.ActiveCfg = Debug|Any CPU
		{E63D6546-1FFA-4138-BD50-6802A24959D7}.Debug|Mixed Platforms.Build.0 = Debug|Any CPU
		{E63D6546-1FFA-4138-BD50-6802A24959D7}.Debug|x86.ActiveCfg = Debug|Any CPU
		{E63D6546-1FFA-4138-BD50-6802A24959D7}.Release|Any CPU.ActiveCfg = Release|Any CPU
		{E63D6546-1FFA-4138-BD50-6802A24959D7}.Release|Any CPU.Build.0 = Release|Any CPU
		{E63D6546-1FFA-4138-BD50-6802A24959D7}.Release|Mixed Platforms.ActiveCfg = Release|Any CPU
		{E63D6546-1FFA-4138-BD50-6802A24959D7}.Release|Mixed Platforms.Build.0 = Release|Any CPU
		{E63D6546-1FFA-4138-BD50-6802A24959D7}.Release|x86.ActiveCfg = Release|Any CPU
		{D1EA9F19-1C4A-4612-AA9C-935B3DDD7BF0}.Debug|Any CPU.ActiveCfg = Debug|Any CPU
		{D1EA9F19-1C4A-4612-AA9C-935B3DDD7BF0}.Debug|Any CPU.Build.0 = Debug|Any CPU
		{D1EA9F19-1C4A-4612-AA9C-935B3DDD7BF0}.Debug|Mixed Platforms.ActiveCfg = Debug|Any CPU
		{D1EA9F19-1C4A-4612-AA9C-935B3DDD7BF0}.Debug|Mixed Platforms.Build.0 = Debug|Any CPU
		{D1EA9F19-1C4A-4612-AA9C-935B3DDD7BF0}.Debug|x86.ActiveCfg = Debug|Any CPU
		{D1EA9F19-1C4A-4612-AA9C-935B3DDD7BF0}.Release|Any CPU.ActiveCfg = Release|Any CPU
		{D1EA9F19-1C4A-4612-AA9C-935B3DDD7BF0}.Release|Any CPU.Build.0 = Release|Any CPU
		{D1EA9F19-1C4A-4612-AA9C-935B3DDD7BF0}.Release|Mixed Platforms.ActiveCfg = Release|Any CPU
		{D1EA9F19-1C4A-4612-AA9C-935B3DDD7BF0}.Release|Mixed Platforms.Build.0 = Release|Any CPU
		{D1EA9F19-1C4A-4612-AA9C-935B3DDD7BF0}.Release|x86.ActiveCfg = Release|Any CPU
		{DD713C6A-BA21-4DF9-A847-A2BC8E90FDC6}.Debug|Any CPU.ActiveCfg = Debug|Any CPU
		{DD713C6A-BA21-4DF9-A847-A2BC8E90FDC6}.Debug|Any CPU.Build.0 = Debug|Any CPU
		{DD713C6A-BA21-4DF9-A847-A2BC8E90FDC6}.Debug|Mixed Platforms.ActiveCfg = Debug|Any CPU
		{DD713C6A-BA21-4DF9-A847-A2BC8E90FDC6}.Debug|Mixed Platforms.Build.0 = Debug|Any CPU
		{DD713C6A-BA21-4DF9-A847-A2BC8E90FDC6}.Debug|x86.ActiveCfg = Debug|Any CPU
		{DD713C6A-BA21-4DF9-A847-A2BC8E90FDC6}.Release|Any CPU.ActiveCfg = Release|Any CPU
		{DD713C6A-BA21-4DF9-A847-A2BC8E90FDC6}.Release|Any CPU.Build.0 = Release|Any CPU
		{DD713C6A-BA21-4DF9-A847-A2BC8E90FDC6}.Release|Mixed Platforms.ActiveCfg = Release|Any CPU
		{DD713C6A-BA21-4DF9-A847-A2BC8E90FDC6}.Release|Mixed Platforms.Build.0 = Release|Any CPU
		{DD713C6A-BA21-4DF9-A847-A2BC8E90FDC6}.Release|x86.ActiveCfg = Release|Any CPU
		{98EC705E-F1D0-4977-9CCC-DC8ECD70B0F5}.Debug|Any CPU.ActiveCfg = Debug|Any CPU
		{98EC705E-F1D0-4977-9CCC-DC8ECD70B0F5}.Debug|Any CPU.Build.0 = Debug|Any CPU
		{98EC705E-F1D0-4977-9CCC-DC8ECD70B0F5}.Debug|Mixed Platforms.ActiveCfg = Debug|Any CPU
		{98EC705E-F1D0-4977-9CCC-DC8ECD70B0F5}.Debug|Mixed Platforms.Build.0 = Debug|Any CPU
		{98EC705E-F1D0-4977-9CCC-DC8ECD70B0F5}.Debug|x86.ActiveCfg = Debug|Any CPU
		{98EC705E-F1D0-4977-9CCC-DC8ECD70B0F5}.Release|Any CPU.ActiveCfg = Release|Any CPU
		{98EC705E-F1D0-4977-9CCC-DC8ECD70B0F5}.Release|Any CPU.Build.0 = Release|Any CPU
		{98EC705E-F1D0-4977-9CCC-DC8ECD70B0F5}.Release|Mixed Platforms.ActiveCfg = Release|Any CPU
		{98EC705E-F1D0-4977-9CCC-DC8ECD70B0F5}.Release|Mixed Platforms.Build.0 = Release|Any CPU
		{98EC705E-F1D0-4977-9CCC-DC8ECD70B0F5}.Release|x86.ActiveCfg = Release|Any CPU
		{7E3A87BA-B72C-4AB6-A946-21E8E6FB9438}.Debug|Any CPU.ActiveCfg = Debug|Any CPU
		{7E3A87BA-B72C-4AB6-A946-21E8E6FB9438}.Debug|Any CPU.Build.0 = Debug|Any CPU
		{7E3A87BA-B72C-4AB6-A946-21E8E6FB9438}.Debug|Mixed Platforms.ActiveCfg = Debug|Any CPU
		{7E3A87BA-B72C-4AB6-A946-21E8E6FB9438}.Debug|Mixed Platforms.Build.0 = Debug|Any CPU
		{7E3A87BA-B72C-4AB6-A946-21E8E6FB9438}.Debug|x86.ActiveCfg = Debug|Any CPU
		{7E3A87BA-B72C-4AB6-A946-21E8E6FB9438}.Release|Any CPU.ActiveCfg = Release|Any CPU
		{7E3A87BA-B72C-4AB6-A946-21E8E6FB9438}.Release|Any CPU.Build.0 = Release|Any CPU
		{7E3A87BA-B72C-4AB6-A946-21E8E6FB9438}.Release|Mixed Platforms.ActiveCfg = Release|Any CPU
		{7E3A87BA-B72C-4AB6-A946-21E8E6FB9438}.Release|Mixed Platforms.Build.0 = Release|Any CPU
		{7E3A87BA-B72C-4AB6-A946-21E8E6FB9438}.Release|x86.ActiveCfg = Release|Any CPU
	EndGlobalSection
	GlobalSection(SolutionProperties) = preSolution
		HideSolutionNode = FALSE
	EndGlobalSection
	GlobalSection(NestedProjects) = preSolution
		{D1EA9F19-1C4A-4612-AA9C-935B3DDD7BF0} = {9E999D87-767A-49DC-A4B3-8DAB59D3AA30}
		{DD713C6A-BA21-4DF9-A847-A2BC8E90FDC6} = {9E999D87-767A-49DC-A4B3-8DAB59D3AA30}
		{98EC705E-F1D0-4977-9CCC-DC8ECD70B0F5} = {9E999D87-767A-49DC-A4B3-8DAB59D3AA30}
		{7E3A87BA-B72C-4AB6-A946-21E8E6FB9438} = {9E999D87-767A-49DC-A4B3-8DAB59D3AA30}
	EndGlobalSection
EndGlobal
