
Microsoft Visual Studio Solution File, Format Version 12.00
# Visual Studio 15
VisualStudioVersion = 15.0.27130.2010
MinimumVisualStudioVersion = 10.0.40219.1
Project("{6EC3EE1D-3C4E-46DD-8F32-0CC8E7565705}") = "Foq.New", "Foq\Foq.New.fsproj", "{E64402B4-9B60-4147-B53A-E0F660582339}"
EndProject
Project("{2150E333-8FDC-42A3-9474-1A3956D46DE8}") = "Tests", "Tests", "{965F8755-B141-4B46-971D-59413535F7E2}"
EndProject
Project("{9A19103F-16F7-4668-BE54-9A1E7A4F7556}") = "Tests.CSharp.New", "Tests\Tests.CSharp\Tests.CSharp.New.csproj", "{A127C01C-93B2-40D6-B402-D5BC2B09AB39}"
EndProject
Global
	GlobalSection(SolutionConfigurationPlatforms) = preSolution
		Debug|Any CPU = Debug|Any CPU
		Release|Any CPU = Release|Any CPU
	EndGlobalSection
	GlobalSection(ProjectConfigurationPlatforms) = postSolution
		{E64402B4-9B60-4147-B53A-E0F660582339}.Debug|Any CPU.ActiveCfg = Debug|Any CPU
		{E64402B4-9B60-4147-B53A-E0F660582339}.Debug|Any CPU.Build.0 = Debug|Any CPU
		{E64402B4-9B60-4147-B53A-E0F660582339}.Release|Any CPU.ActiveCfg = Release|Any CPU
		{E64402B4-9B60-4147-B53A-E0F660582339}.Release|Any CPU.Build.0 = Release|Any CPU
		{A127C01C-93B2-40D6-B402-D5BC2B09AB39}.Debug|Any CPU.ActiveCfg = Debug|Any CPU
		{A127C01C-93B2-40D6-B402-D5BC2B09AB39}.Debug|Any CPU.Build.0 = Debug|Any CPU
		{A127C01C-93B2-40D6-B402-D5BC2B09AB39}.Release|Any CPU.ActiveCfg = Release|Any CPU
		{A127C01C-93B2-40D6-B402-D5BC2B09AB39}.Release|Any CPU.Build.0 = Release|Any CPU
	EndGlobalSection
	GlobalSection(SolutionProperties) = preSolution
		HideSolutionNode = FALSE
	EndGlobalSection
	GlobalSection(ExtensibilityGlobals) = postSolution
		SolutionGuid = {5DBE4D27-5F03-4127-B597-C83FAA625D50}
	EndGlobalSection
EndGlobal
